
Microsoft Visual Studio Solution File, Format Version 12.00
# Visual Studio Version 17
VisualStudioVersion = 17.1.32421.90
MinimumVisualStudioVersion = 10.0.40219.1
Project("{9A19103F-16F7-4668-BE54-9A1E7A4F7556}") = "LibraryDAL", "LibraryDAL.csproj", "{F2C808BF-8781-4A5F-BE3F-B0038A1FEDE3}"
EndProject
Global
	GlobalSection(SolutionConfigurationPlatforms) = preSolution
		Debug|Any CPU = Debug|Any CPU
		Release|Any CPU = Release|Any CPU
	EndGlobalSection
	GlobalSection(ProjectConfigurationPlatforms) = postSolution
		{F2C808BF-8781-4A5F-BE3F-B0038A1FEDE3}.Debug|Any CPU.ActiveCfg = Debug|Any CPU
		{F2C808BF-8781-4A5F-BE3F-B0038A1FEDE3}.Debug|Any CPU.Build.0 = Debug|Any CPU
		{F2C808BF-8781-4A5F-BE3F-B0038A1FEDE3}.Release|Any CPU.ActiveCfg = Release|Any CPU
		{F2C808BF-8781-4A5F-BE3F-B0038A1FEDE3}.Release|Any CPU.Build.0 = Release|Any CPU
	EndGlobalSection
	GlobalSection(SolutionProperties) = preSolution
		HideSolutionNode = FALSE
	EndGlobalSection
	GlobalSection(ExtensibilityGlobals) = postSolution
		SolutionGuid = {849DFB23-A6A7-49CD-A6F6-7530E3AD22B6}
	EndGlobalSection
EndGlobal
